<?xml version="1.0" encoding="utf-8"?>
<Project ToolsVersion="4.0" xmlns="http://schemas.microsoft.com/developer/msbuild/2003">
  <ItemGroup>
    <Filter Include="Source Files">
      <UniqueIdentifier>{4FC737F1-C7A5-4376-A066-2A32D752A2FF}</UniqueIdentifier>
      <Extensions>cpp;c;cc;cxx;def;odl;idl;hpj;bat;asm;asmx</Extensions>
    </Filter>
    <Filter Include="Header Files">
      <UniqueIdentifier>{93995380-89BD-4b04-88EB-625FBE52EBFB}</UniqueIdentifier>
      <Extensions>h;hh;hpp;hxx;hm;inl;inc;xsd</Extensions>
    </Filter>
    <Filter Include="Resource Files">
      <UniqueIdentifier>{67DA6AB6-F800-4c08-8B7A-83BB121AAD01}</UniqueIdentifier>
      <Extensions>rc;ico;cur;bmp;dlg;rc2;rct;bin;rgs;gif;jpg;jpeg;jpe;resx;tiff;tif;png;wav;mfcribbon-ms</Extensions>
    </Filter>
    <Filter Include="Shaders">
      <UniqueIdentifier>{d6dcc913-5acd-4ce6-8fe9-9263cc6ab571}</UniqueIdentifier>
    </Filter>
    <Filter Include="libs">
      <UniqueIdentifier>{3a488776-3643-49f4-83f2-a3322370fd94}</UniqueIdentifier>
    </Filter>
    <Filter Include="Source Files\Mesh">
      <UniqueIdentifier>{8662320b-f808-47cc-b942-c5a50783e26c}</UniqueIdentifier>
    </Filter>
    <Filter Include="Source Files\Texture">
      <UniqueIdentifier>{867c264a-166e-4531-80de-cbe5ce49df01}</UniqueIdentifier>
    </Filter>
    <Filter Include="Source Files\Shader">
      <UniqueIdentifier>{85ed65a0-30fe-4b5d-b126-19a3130b2c9f}</UniqueIdentifier>
    </Filter>
    <Filter Include="Source Files\Mesh\Primitive">
      <UniqueIdentifier>{dfdf7a6c-9ea2-461d-a4df-b345c486ab2c}</UniqueIdentifier>
    </Filter>
  </ItemGroup>
  <ItemGroup>
    <Text Include="ReadMe.txt" />
  </ItemGroup>
  <ItemGroup>
    <ClInclude Include="stdafx.h">
      <Filter>Header Files</Filter>
    </ClInclude>
    <ClInclude Include="targetver.h">
      <Filter>Header Files</Filter>
    </ClInclude>
    <ClInclude Include="include\GL\eglew.h">
      <Filter>Header Files</Filter>
    </ClInclude>
    <ClInclude Include="include\GL\glew.h">
      <Filter>Header Files</Filter>
    </ClInclude>
    <ClInclude Include="include\GL\glxew.h">
      <Filter>Header Files</Filter>
    </ClInclude>
    <ClInclude Include="include\GL\wglew.h">
      <Filter>Header Files</Filter>
    </ClInclude>
    <ClInclude Include="include\GLFW\glfw3.h">
      <Filter>Header Files</Filter>
    </ClInclude>
    <ClInclude Include="include\GLFW\glfw3native.h">
      <Filter>Header Files</Filter>
    </ClInclude>
    <ClInclude Include="Shader.h">
      <Filter>Header Files</Filter>
    </ClInclude>
    <ClInclude Include="include\SOIL\SOIL.h">
      <Filter>Header Files</Filter>
    </ClInclude>
    <ClInclude Include="Texture.h">
      <Filter>Header Files</Filter>
    </ClInclude>
    <ClInclude Include="Model.h">
      <Filter>Header Files</Filter>
    </ClInclude>
    <ClInclude Include="MeshData.h">
      <Filter>Header Files</Filter>
    </ClInclude>
    <ClInclude Include="GameObject.h">
      <Filter>Header Files</Filter>
    </ClInclude>
    <ClInclude Include="Camera.h">
      <Filter>Header Files</Filter>
    </ClInclude>
    <ClInclude Include="Transform.h">
      <Filter>Header Files</Filter>
    </ClInclude>
    <ClInclude Include="Global.h">
      <Filter>Header Files</Filter>
    </ClInclude>
    <ClInclude Include="Cube.h">
      <Filter>Header Files</Filter>
    </ClInclude>
  </ItemGroup>
  <ItemGroup>
    <ClCompile Include="stdafx.cpp">
      <Filter>Source Files</Filter>
    </ClCompile>
    <ClCompile Include="GameObject.cpp">
      <Filter>Source Files</Filter>
    </ClCompile>
    <ClCompile Include="Camera.cpp">
      <Filter>Source Files</Filter>
    </ClCompile>
    <ClCompile Include="Transform.cpp">
      <Filter>Source Files</Filter>
    </ClCompile>
    <ClCompile Include="MeshData.cpp">
      <Filter>Source Files\Mesh</Filter>
    </ClCompile>
    <ClCompile Include="Model.cpp">
      <Filter>Source Files\Mesh</Filter>
    </ClCompile>
    <ClCompile Include="Shader.cpp">
      <Filter>Source Files\Shader</Filter>
    </ClCompile>
    <ClCompile Include="Texture.cpp">
      <Filter>Source Files\Texture</Filter>
    </ClCompile>
    <ClCompile Include="Cube.cpp">
      <Filter>Source Files\Mesh\Primitive</Filter>
    </ClCompile>
    <ClCompile Include="NereidEngine.cpp">
      <Filter>Source Files</Filter>
    </ClCompile>
  </ItemGroup>
  <ItemGroup>
    <Library Include="libs\glfw3.lib">
      <Filter>libs</Filter>
    </Library>
    <Library Include="libs\glew32s.lib">
      <Filter>libs</Filter>
    </Library>
    <Library Include="libs\SOIL.lib">
      <Filter>libs</Filter>
    </Library>
  </ItemGroup>
  <ItemGroup>
    <None Include="Shaders\fragshader.frag">
      <Filter>Shaders</Filter>
    </None>
    <None Include="Shaders\color_frag.frag">
      <Filter>Shaders</Filter>
    </None>
    <None Include="Shaders\lit_object.frag">
      <Filter>Shaders</Filter>
    </None>
    <None Include="Shaders\lit_object.vert">
      <Filter>Shaders</Filter>
    </None>
    <None Include="Shaders\posonly_vertex.vert">
      <Filter>Shaders</Filter>
    </None>
    <None Include="Shaders\color_vertex.vert">
      <Filter>Shaders</Filter>
    </None>
    <None Include="Shaders\vertexshader.vert">
      <Filter>Shaders</Filter>
    </None>
    <None Include="Shaders\textured_diffuse.frag">
      <Filter>Shaders</Filter>
    </None>
    <None Include="Shaders\standard_mat_shader.frag">
      <Filter>Shaders</Filter>
    </None>
    <None Include="Shaders\textured_diffuse.vert">
      <Filter>Shaders</Filter>
    </None>
    <None Include="Shaders\Specialized\tex_diff_directional.frag" />
    <None Include="Shaders\Specialized\tex_diff_directional.vert" />
    <None Include="Shaders\Specialized\tex_diff_positional.frag" />
  </ItemGroup>
  <ItemGroup>
    <Image Include="Textures\awesomeface.png">
      <Filter>Resource Files</Filter>
    </Image>
    <Image Include="Textures\container.jpg">
      <Filter>Resource Files</Filter>
    </Image>
    <Image Include="Textures\wall.jpg">
      <Filter>Resource Files</Filter>
    </Image>
    <Image Include="Textures\container2.png">
      <Filter>Resource Files</Filter>
    </Image>
    <Image Include="Textures\container2_specular.png">
      <Filter>Resource Files</Filter>
    </Image>
  </ItemGroup>
</Project>